
Microsoft Visual Studio Solution File, Format Version 12.00
# Visual Studio Version 16
VisualStudioVersion = 16.0.28809.33
MinimumVisualStudioVersion = 10.0.40219.1
Project("{FAE04EC0-301F-11D3-BF4B-00C04F79EFBC}") = "WinFormUtilityLibrary", "WinFormUtilityLibrary\WinFormUtilityLibrary.csproj", "{CBCB24A4-1FB2-4562-986D-E11A5C134518}"
EndProject
Global
	GlobalSection(SolutionConfigurationPlatforms) = preSolution
		Debug|Any CPU = Debug|Any CPU
		Release|Any CPU = Release|Any CPU
	EndGlobalSection
	GlobalSection(ProjectConfigurationPlatforms) = postSolution
		{CBCB24A4-1FB2-4562-986D-E11A5C134518}.Debug|Any CPU.ActiveCfg = Debug|Any CPU
		{CBCB24A4-1FB2-4562-986D-E11A5C134518}.Debug|Any CPU.Build.0 = Debug|Any CPU
		{CBCB24A4-1FB2-4562-986D-E11A5C134518}.Release|Any CPU.ActiveCfg = Release|Any CPU
		{CBCB24A4-1FB2-4562-986D-E11A5C134518}.Release|Any CPU.Build.0 = Release|Any CPU
	EndGlobalSection
	GlobalSection(SolutionProperties) = preSolution
		HideSolutionNode = FALSE
	EndGlobalSection
	GlobalSection(ExtensibilityGlobals) = postSolution
		SolutionGuid = {6910F64B-0EA7-4C50-960D-02BA6182C591}
	EndGlobalSection
EndGlobal
